
Microsoft Visual Studio Solution File, Format Version 12.00
# Visual Studio 15
VisualStudioVersion = 15.0.26730.15
MinimumVisualStudioVersion = 10.0.40219.1
Project("{2150E333-8FDC-42A3-9474-1A3956D46DE8}") = "FrontEnd", "FrontEnd", "{E05A8B55-CB35-4AD6-A347-F73D3E9EEF0C}"
EndProject
Project("{2150E333-8FDC-42A3-9474-1A3956D46DE8}") = "BackEnd", "BackEnd", "{B3972C75-0ADC-4C23-AF54-70BE117B0D67}"
EndProject
Project("{2150E333-8FDC-42A3-9474-1A3956D46DE8}") = "DataBase", "DataBase", "{1C95ADD4-27CD-401E-9274-FD90CE1F466B}"
EndProject
Project("{2150E333-8FDC-42A3-9474-1A3956D46DE8}") = "BackEnd.Test", "BackEnd.Test", "{96FF4D68-6C49-4F78-884E-80B765EA89FF}"
EndProject
Project("{2150E333-8FDC-42A3-9474-1A3956D46DE8}") = "FrontEnd.Test", "FrontEnd.Test", "{6F9B7567-F818-4F45-8A7E-B1A2D3D624C0}"
EndProject
Project("{2150E333-8FDC-42A3-9474-1A3956D46DE8}") = "Tables", "Tables", "{117BF31C-1896-4285-BB4D-C15280805F84}"
EndProject
Project("{2150E333-8FDC-42A3-9474-1A3956D46DE8}") = "StoredProcedures", "StoredProcedures", "{3BD8E87F-5F77-40AC-AF35-3668599FE6B6}"
EndProject
Project("{2150E333-8FDC-42A3-9474-1A3956D46DE8}") = "Data", "Data", "{622C9A54-4F0F-4794-853C-68635038F955}"
EndProject
Project("{FAE04EC0-301F-11D3-BF4B-00C04F79EFBC}") = "MVC.FrontEnd.Test", "FrontEnd\FrontEnd.Test\MVC.FrontEnd.Test\MVC.FrontEnd.Test.csproj", "{317E7BBB-C4D4-45B8-A859-6769E9D255B6}"
EndProject
Project("{FAE04EC0-301F-11D3-BF4B-00C04F79EFBC}") = "WebAPI.BackEnd", "BackEnd\WebAPI.BackEnd\WebAPI.BackEnd.csproj", "{4FAAFDF7-8AA0-4A33-8DA2-511F53C263EA}"
EndProject
Project("{FAE04EC0-301F-11D3-BF4B-00C04F79EFBC}") = "MVC.FrontEnd", "FrontEnd\MVC.FrontEnd\MVC.FrontEnd.csproj", "{82864D15-3023-4D0C-B722-2F1A6D9C166F}"
EndProject
Project("{FAE04EC0-301F-11D3-BF4B-00C04F79EFBC}") = "WebAPI.BackEnd.Test", "BackEnd\BackEnd.Test\WebAPI.BackEnd.Test\WebAPI.BackEnd.Test.csproj", "{CFE5340C-1F35-416A-982E-8E51D833C210}"
EndProject
Global
	GlobalSection(SolutionConfigurationPlatforms) = preSolution
		Debug|Any CPU = Debug|Any CPU
		Release|Any CPU = Release|Any CPU
	EndGlobalSection
	GlobalSection(ProjectConfigurationPlatforms) = postSolution
		{317E7BBB-C4D4-45B8-A859-6769E9D255B6}.Debug|Any CPU.ActiveCfg = Debug|Any CPU
		{317E7BBB-C4D4-45B8-A859-6769E9D255B6}.Debug|Any CPU.Build.0 = Debug|Any CPU
		{317E7BBB-C4D4-45B8-A859-6769E9D255B6}.Release|Any CPU.ActiveCfg = Release|Any CPU
		{317E7BBB-C4D4-45B8-A859-6769E9D255B6}.Release|Any CPU.Build.0 = Release|Any CPU
		{4FAAFDF7-8AA0-4A33-8DA2-511F53C263EA}.Debug|Any CPU.ActiveCfg = Debug|Any CPU
		{4FAAFDF7-8AA0-4A33-8DA2-511F53C263EA}.Debug|Any CPU.Build.0 = Debug|Any CPU
		{4FAAFDF7-8AA0-4A33-8DA2-511F53C263EA}.Release|Any CPU.ActiveCfg = Release|Any CPU
		{4FAAFDF7-8AA0-4A33-8DA2-511F53C263EA}.Release|Any CPU.Build.0 = Release|Any CPU
		{82864D15-3023-4D0C-B722-2F1A6D9C166F}.Debug|Any CPU.ActiveCfg = Debug|Any CPU
		{82864D15-3023-4D0C-B722-2F1A6D9C166F}.Debug|Any CPU.Build.0 = Debug|Any CPU
		{82864D15-3023-4D0C-B722-2F1A6D9C166F}.Release|Any CPU.ActiveCfg = Release|Any CPU
		{82864D15-3023-4D0C-B722-2F1A6D9C166F}.Release|Any CPU.Build.0 = Release|Any CPU
		{CFE5340C-1F35-416A-982E-8E51D833C210}.Debug|Any CPU.ActiveCfg = Debug|Any CPU
		{CFE5340C-1F35-416A-982E-8E51D833C210}.Debug|Any CPU.Build.0 = Debug|Any CPU
		{CFE5340C-1F35-416A-982E-8E51D833C210}.Release|Any CPU.ActiveCfg = Release|Any CPU
		{CFE5340C-1F35-416A-982E-8E51D833C210}.Release|Any CPU.Build.0 = Release|Any CPU
	EndGlobalSection
	GlobalSection(SolutionProperties) = preSolution
		HideSolutionNode = FALSE
	EndGlobalSection
	GlobalSection(NestedProjects) = preSolution
		{96FF4D68-6C49-4F78-884E-80B765EA89FF} = {B3972C75-0ADC-4C23-AF54-70BE117B0D67}
		{6F9B7567-F818-4F45-8A7E-B1A2D3D624C0} = {E05A8B55-CB35-4AD6-A347-F73D3E9EEF0C}
		{117BF31C-1896-4285-BB4D-C15280805F84} = {1C95ADD4-27CD-401E-9274-FD90CE1F466B}
		{3BD8E87F-5F77-40AC-AF35-3668599FE6B6} = {1C95ADD4-27CD-401E-9274-FD90CE1F466B}
		{622C9A54-4F0F-4794-853C-68635038F955} = {1C95ADD4-27CD-401E-9274-FD90CE1F466B}
		{317E7BBB-C4D4-45B8-A859-6769E9D255B6} = {6F9B7567-F818-4F45-8A7E-B1A2D3D624C0}
		{4FAAFDF7-8AA0-4A33-8DA2-511F53C263EA} = {B3972C75-0ADC-4C23-AF54-70BE117B0D67}
		{82864D15-3023-4D0C-B722-2F1A6D9C166F} = {E05A8B55-CB35-4AD6-A347-F73D3E9EEF0C}
		{CFE5340C-1F35-416A-982E-8E51D833C210} = {96FF4D68-6C49-4F78-884E-80B765EA89FF}
	EndGlobalSection
	GlobalSection(ExtensibilityGlobals) = postSolution
		SolutionGuid = {40E4489E-5270-4FA4-B016-1EAA13CA34A1}
	EndGlobalSection
EndGlobal
